
Microsoft Visual Studio Solution File, Format Version 12.00
# Visual Studio 15
VisualStudioVersion = 15.0.26730.3
MinimumVisualStudioVersion = 10.0.40219.1
Project("{FAE04EC0-301F-11D3-BF4B-00C04F79EFBC}") = "NetTest", "NetTest\NetTest.csproj", "{0008D9D0-0F47-4898-BE0A-6D73F52E73DD}"
EndProject
Project("{FAE04EC0-301F-11D3-BF4B-00C04F79EFBC}") = "NetBase2", "NetBase2\NetBase2.csproj", "{0C62299F-4954-4B45-8927-22AED2A9B7A9}"
EndProject
Project("{FAE04EC0-301F-11D3-BF4B-00C04F79EFBC}") = "SQLConnectionTest", "SQLConnectionTest\SQLConnectionTest.csproj", "{69198977-0C89-40F9-8A73-9AF3CC616A09}"
EndProject
Global
	GlobalSection(SolutionConfigurationPlatforms) = preSolution
		Debug|Any CPU = Debug|Any CPU
		Release|Any CPU = Release|Any CPU
	EndGlobalSection
	GlobalSection(ProjectConfigurationPlatforms) = postSolution
		{0008D9D0-0F47-4898-BE0A-6D73F52E73DD}.Debug|Any CPU.ActiveCfg = Debug|Any CPU
		{0008D9D0-0F47-4898-BE0A-6D73F52E73DD}.Debug|Any CPU.Build.0 = Debug|Any CPU
		{0008D9D0-0F47-4898-BE0A-6D73F52E73DD}.Release|Any CPU.ActiveCfg = Release|Any CPU
		{0008D9D0-0F47-4898-BE0A-6D73F52E73DD}.Release|Any CPU.Build.0 = Release|Any CPU
		{0C62299F-4954-4B45-8927-22AED2A9B7A9}.Debug|Any CPU.ActiveCfg = Debug|Any CPU
		{0C62299F-4954-4B45-8927-22AED2A9B7A9}.Debug|Any CPU.Build.0 = Debug|Any CPU
		{0C62299F-4954-4B45-8927-22AED2A9B7A9}.Release|Any CPU.ActiveCfg = Release|Any CPU
		{0C62299F-4954-4B45-8927-22AED2A9B7A9}.Release|Any CPU.Build.0 = Release|Any CPU
		{69198977-0C89-40F9-8A73-9AF3CC616A09}.Debug|Any CPU.ActiveCfg = Debug|Any CPU
		{69198977-0C89-40F9-8A73-9AF3CC616A09}.Debug|Any CPU.Build.0 = Debug|Any CPU
		{69198977-0C89-40F9-8A73-9AF3CC616A09}.Release|Any CPU.ActiveCfg = Release|Any CPU
		{69198977-0C89-40F9-8A73-9AF3CC616A09}.Release|Any CPU.Build.0 = Release|Any CPU
	EndGlobalSection
	GlobalSection(SolutionProperties) = preSolution
		HideSolutionNode = FALSE
	EndGlobalSection
	GlobalSection(ExtensibilityGlobals) = postSolution
		SolutionGuid = {76F68E30-02E1-40FE-8806-99196E0D7348}
	EndGlobalSection
EndGlobal
